# This file is automatically @generated by Cargo.
# It is not intended for manual editing.
[[package]]
name = "com"
version = "0.2.0"
source = "registry+https://github.com/rust-lang/crates.io-index"
checksum = "5a30a2b2a013da986dc5cc3eda3d19c0d59d53f835be1b2356eb8d00f000c793"
dependencies = [
 "com_macros",
]

[[package]]
name = "com_macros"
version = "0.2.0"
source = "registry+https://github.com/rust-lang/crates.io-index"
checksum = "7606b05842fea68ddcc89e8053b8860ebcb2a0ba8d6abfe3a148e5d5a8d3f0c1"
dependencies = [
 "com_macros_support",
 "proc-macro2",
 "syn",
]

[[package]]
name = "com_macros_support"
version = "0.2.0"
source = "registry+https://github.com/rust-lang/crates.io-index"
checksum = "97e9a6d20f4ac8830e309a455d7e9416e65c6af5a97c88c55fbb4c2012e107da"
dependencies = [
 "proc-macro2",
 "quote",
 "syn",
]

[[package]]
name = "proc-macro2"
version = "1.0.18"
source = "registry+https://github.com/rust-lang/crates.io-index"
checksum = "beae6331a816b1f65d04c45b078fd8e6c93e8071771f41b8163255bbd8d7c8fa"
dependencies = [
 "unicode-xid",
]

[[package]]
name = "quote"
version = "1.0.7"
source = "registry+https://github.com/rust-lang/crates.io-index"
checksum = "aa563d17ecb180e500da1cfd2b028310ac758de548efdd203e18f283af693f37"
dependencies = [
 "proc-macro2",
]

[[package]]
name = "syn"
version = "1.0.33"
source = "registry+https://github.com/rust-lang/crates.io-index"
checksum = "e8d5d96e8cbb005d6959f119f773bfaebb5684296108fb32600c00cde305b2cd"
dependencies = [
 "proc-macro2",
 "quote",
 "unicode-xid",
]

[[package]]
name = "testbin"
version = "0.0.1"
dependencies = [
 "winapi",
 "winvd",
]

[[package]]
name = "unicode-xid"
version = "0.2.1"
source = "registry+https://github.com/rust-lang/crates.io-index"
checksum = "f7fe0bb3479651439c9112f72b6c505038574c9fbb575ed1bf3b797fa39dd564"

[[package]]
name = "winapi"
version = "0.3.9"
source = "registry+https://github.com/rust-lang/crates.io-index"
checksum = "5c839a674fcd7a98952e593242ea400abe93992746761e38641405d28b00f419"
dependencies = [
 "winapi-i686-pc-windows-gnu",
 "winapi-x86_64-pc-windows-gnu",
]

[[package]]
name = "winapi-i686-pc-windows-gnu"
version = "0.4.0"
source = "registry+https://github.com/rust-lang/crates.io-index"
checksum = "ac3b87c63620426dd9b991e5ce0329eff545bccbbb34f3be09ff6fb6ab51b7b6"

[[package]]
name = "winapi-x86_64-pc-windows-gnu"
version = "0.4.0"
source = "registry+https://github.com/rust-lang/crates.io-index"
checksum = "712e227841d057c1ee1cd2fb22fa7e5a5461ae8e48fa2ca79ec42cfc1931183f"

[[package]]
name = "winvd"
version = "0.0.4"
dependencies = [
 "com",
 "winapi",
]
