
Microsoft Visual Studio Solution File, Format Version 12.00
# Visual Studio 15
VisualStudioVersion = 15.0.27703.2018
MinimumVisualStudioVersion = 10.0.40219.1
Project("{8BC9CEB8-8B4A-11D0-8D11-00A0C91BC942}") = "VirtualDesktopAccessor", "VirtualDesktopAccessor\VirtualDesktopAccessor.vcxproj", "{75640BB7-FA6D-4DED-A074-E4758CCEF7D1}"
EndProject
Project("{8BC9CEB8-8B4A-11D0-8D11-00A0C91BC942}") = "TestVirtualDesktopAccessorWin32", "TestVirtualDesktopAccessorWin32\TestVirtualDesktopAccessorWin32.vcxproj", "{FA401C23-A170-45D0-BB2C-9F21A8E07B2C}"
EndProject
Project("{2150E333-8FDC-42A3-9474-1A3956D46DE8}") = "Solution Items", "Solution Items", "{88DF21E3-B4B2-4CE5-A9B2-C4A60BF898B5}"
	ProjectSection(SolutionItems) = preProject
		README.markdown = README.markdown
	EndProjectSection
EndProject
Global
	GlobalSection(SolutionConfigurationPlatforms) = preSolution
		Debug|x64 = Debug|x64
		Debug|x86 = Debug|x86
		Release|x64 = Release|x64
		Release|x86 = Release|x86
	EndGlobalSection
	GlobalSection(ProjectConfigurationPlatforms) = postSolution
		{75640BB7-FA6D-4DED-A074-E4758CCEF7D1}.Debug|x64.ActiveCfg = Debug|x64
		{75640BB7-FA6D-4DED-A074-E4758CCEF7D1}.Debug|x64.Build.0 = Debug|x64
		{75640BB7-FA6D-4DED-A074-E4758CCEF7D1}.Debug|x86.ActiveCfg = Debug|Win32
		{75640BB7-FA6D-4DED-A074-E4758CCEF7D1}.Debug|x86.Build.0 = Debug|Win32
		{75640BB7-FA6D-4DED-A074-E4758CCEF7D1}.Release|x64.ActiveCfg = Release|x64
		{75640BB7-FA6D-4DED-A074-E4758CCEF7D1}.Release|x64.Build.0 = Release|x64
		{75640BB7-FA6D-4DED-A074-E4758CCEF7D1}.Release|x86.ActiveCfg = Release|Win32
		{75640BB7-FA6D-4DED-A074-E4758CCEF7D1}.Release|x86.Build.0 = Release|Win32
		{FA401C23-A170-45D0-BB2C-9F21A8E07B2C}.Debug|x64.ActiveCfg = Debug|x64
		{FA401C23-A170-45D0-BB2C-9F21A8E07B2C}.Debug|x64.Build.0 = Debug|x64
		{FA401C23-A170-45D0-BB2C-9F21A8E07B2C}.Debug|x86.ActiveCfg = Debug|Win32
		{FA401C23-A170-45D0-BB2C-9F21A8E07B2C}.Debug|x86.Build.0 = Debug|Win32
		{FA401C23-A170-45D0-BB2C-9F21A8E07B2C}.Release|x64.ActiveCfg = Release|x64
		{FA401C23-A170-45D0-BB2C-9F21A8E07B2C}.Release|x64.Build.0 = Release|x64
		{FA401C23-A170-45D0-BB2C-9F21A8E07B2C}.Release|x86.ActiveCfg = Release|Win32
		{FA401C23-A170-45D0-BB2C-9F21A8E07B2C}.Release|x86.Build.0 = Release|Win32
	EndGlobalSection
	GlobalSection(SolutionProperties) = preSolution
		HideSolutionNode = FALSE
	EndGlobalSection
	GlobalSection(ExtensibilityGlobals) = postSolution
		SolutionGuid = {762C7D7B-DF75-46B0-9409-DE72C96B2A3F}
	EndGlobalSection
EndGlobal
